// !$*UTF8*$!
{
	archiveVersion = 1;
	classes = {
	};
	objectVersion = 46;
	objects = {

/* Begin PBXBuildFile section */
		5F05134005A0957400BD0E76 /* context.mm in Sources */ = {isa = PBXBuildFile; fileRef = 2E4853BA05A07363009789C1 /* context.mm */; };
		7F12D0411AED35BB00929EFC /* scan_functions.mm in Sources */ = {isa = PBXBuildFile; fileRef = 7F12D03F1AED35BB00929EFC /* scan_functions.mm */; };
		7F12D0441AED35CB00929EFC /* calculate_runs.mm in Sources */ = {isa = PBXBuildFile; fileRef = 7F12D0421AED35CB00929EFC /* calculate_runs.mm */; };
		7F20339B1B4F23040061B106 /* context-commands-en.txt in Resources */ = {isa = PBXBuildFile; fileRef = 7F20339A1B4F23040061B106 /* context-commands-en.txt */; };
		7F6BF6261B64701E00FA6DE1 /* AppKit.framework in Frameworks */ = {isa = PBXBuildFile; fileRef = 7F6BF6251B64701E00FA6DE1 /* AppKit.framework */; };
/* End PBXBuildFile section */

/* Begin PBXBuildRule section */
		7FFAD94C1AF99C5900C6843F /* PBXBuildRule */ = {
			isa = PBXBuildRule;
			compilerSpec = com.apple.compilers.proxy.script;
			fileType = pattern.proxy;
			isEditable = 1;
			outputFiles = (
			);
			script = "";
		};
/* End PBXBuildRule section */

/* Begin PBXFileReference section */
		1DB498A91D317E600057FDCE /* ConTeXt.bblm */ = {isa = PBXFileReference; explicitFileType = wrapper.cfbundle; includeInIndex = 0; path = ConTeXt.bblm; sourceTree = BUILT_PRODUCTS_DIR; };
		1DB498AC1D317ECB0057FDCE /* SampleLanguageModulePrefix.pch */ = {isa = PBXFileReference; fileEncoding = 4; lastKnownFileType = sourcecode.c.h; path = SampleLanguageModulePrefix.pch; sourceTree = "<group>"; };
		2E4853BA05A07363009789C1 /* context.mm */ = {isa = PBXFileReference; fileEncoding = 30; lastKnownFileType = sourcecode.cpp.objcpp; path = context.mm; sourceTree = SOURCE_ROOT; };
		2EADE3E1056EA12A004A4EFC /* BBLMTextIterator.h */ = {isa = PBXFileReference; fileEncoding = 30; lastKnownFileType = sourcecode.c.h; name = BBLMTextIterator.h; path = SDKHeaders/BBLMTextIterator.h; sourceTree = SOURCE_ROOT; };
		2EADE3E2056EA12A004A4EFC /* BBLMInterface.h */ = {isa = PBXFileReference; fileEncoding = 30; lastKnownFileType = sourcecode.c.h; name = BBLMInterface.h; path = SDKHeaders/BBLMInterface.h; sourceTree = SOURCE_ROOT; };
		56AB718D19B3CA8F0045726A /* DebugSettings.xcconfig */ = {isa = PBXFileReference; fileEncoding = 4; lastKnownFileType = text.xcconfig; path = DebugSettings.xcconfig; sourceTree = "<group>"; };
		56AB718E19B3CA8F0045726A /* ReleaseSettings.xcconfig */ = {isa = PBXFileReference; fileEncoding = 4; lastKnownFileType = text.xcconfig; path = ReleaseSettings.xcconfig; sourceTree = "<group>"; };
		56AB719019B3CA8F0045726A /* SampleSharedLanguageModules.xcconfig */ = {isa = PBXFileReference; fileEncoding = 4; lastKnownFileType = text.xcconfig; path = SampleSharedLanguageModules.xcconfig; sourceTree = "<group>"; };
		5F05134505A0957400BD0E76 /* Info.plist */ = {isa = PBXFileReference; lastKnownFileType = text.plist.xml; path = Info.plist; sourceTree = "<group>"; };
		7F12D03F1AED35BB00929EFC /* scan_functions.mm */ = {isa = PBXFileReference; fileEncoding = 4; lastKnownFileType = sourcecode.cpp.objcpp; path = scan_functions.mm; sourceTree = "<group>"; };
		7F12D0421AED35CB00929EFC /* calculate_runs.mm */ = {isa = PBXFileReference; fileEncoding = 4; lastKnownFileType = sourcecode.cpp.objcpp; path = calculate_runs.mm; sourceTree = "<group>"; };
		7F2033961B4C5CBD0061B106 /* context-keywords.txt */ = {isa = PBXFileReference; fileEncoding = 4; lastKnownFileType = text; path = "context-keywords.txt"; sourceTree = "<group>"; };
		7F20339A1B4F23040061B106 /* context-commands-en.txt */ = {isa = PBXFileReference; fileEncoding = 4; lastKnownFileType = text; path = "context-commands-en.txt"; sourceTree = "<group>"; };
		7F2F0EE61AC33298003E6265 /* context.h */ = {isa = PBXFileReference; fileEncoding = 4; lastKnownFileType = sourcecode.c.h; path = context.h; sourceTree = "<group>"; };
		7F6BF6251B64701E00FA6DE1 /* AppKit.framework */ = {isa = PBXFileReference; lastKnownFileType = wrapper.framework; name = AppKit.framework; path = System/Library/Frameworks/AppKit.framework; sourceTree = SDKROOT; };
/* End PBXFileReference section */

/* Begin PBXFrameworksBuildPhase section */
		7F6BF6231B646FFD00FA6DE1 /* Frameworks */ = {
			isa = PBXFrameworksBuildPhase;
			buildActionMask = 2147483647;
			files = (
				7F6BF6261B64701E00FA6DE1 /* AppKit.framework in Frameworks */,
			);
			runOnlyForDeploymentPostprocessing = 0;
		};
/* End PBXFrameworksBuildPhase section */

/* Begin PBXGroup section */
		089C166AFE841209C02AAC07 /* Hello World */ = {
			isa = PBXGroup;
			children = (
				56AB718D19B3CA8F0045726A /* DebugSettings.xcconfig */,
				56AB718E19B3CA8F0045726A /* ReleaseSettings.xcconfig */,
				7F20339A1B4F23040061B106 /* context-commands-en.txt */,
				7F2033961B4C5CBD0061B106 /* context-keywords.txt */,
				56AB719019B3CA8F0045726A /* SampleSharedLanguageModules.xcconfig */,
				08FB77ADFE841716C02AAC07 /* Source */,
				2EADE40E056EA22B004A4EFC /* SDK Headers */,
				5F05134505A0957400BD0E76 /* Info.plist */,
				7F6BF6221B6323E000FA6DE1 /* Frameworks */,
				1DB498A91D317E600057FDCE /* ConTeXt.bblm */,
				1DB498AC1D317ECB0057FDCE /* SampleLanguageModulePrefix.pch */,
			);
			name = "Hello World";
			sourceTree = "<group>";
		};
		08FB77ADFE841716C02AAC07 /* Source */ = {
			isa = PBXGroup;
			children = (
				2E4853BA05A07363009789C1 /* context.mm */,
				7F2F0EE61AC33298003E6265 /* context.h */,
				7F12D03F1AED35BB00929EFC /* scan_functions.mm */,
				7F12D0421AED35CB00929EFC /* calculate_runs.mm */,
			);
			name = Source;
			sourceTree = "<group>";
		};
		2EADE40E056EA22B004A4EFC /* SDK Headers */ = {
			isa = PBXGroup;
			children = (
				2EADE3E1056EA12A004A4EFC /* BBLMTextIterator.h */,
				2EADE3E2056EA12A004A4EFC /* BBLMInterface.h */,
			);
			name = "SDK Headers";
			sourceTree = "<group>";
		};
		7F6BF6221B6323E000FA6DE1 /* Frameworks */ = {
			isa = PBXGroup;
			children = (
				7F6BF6251B64701E00FA6DE1 /* AppKit.framework */,
			);
			name = Frameworks;
			sourceTree = "<group>";
		};
/* End PBXGroup section */

/* Begin PBXHeadersBuildPhase section */
		7F6BF6241B64700B00FA6DE1 /* Headers */ = {
			isa = PBXHeadersBuildPhase;
			buildActionMask = 2147483647;
			files = (
			);
			runOnlyForDeploymentPostprocessing = 0;
		};
/* End PBXHeadersBuildPhase section */

/* Begin PBXNativeTarget section */
		5F05133905A0957400BD0E76 /* ConTeXt */ = {
			isa = PBXNativeTarget;
			buildConfigurationList = 2E4F91CD0863164B009D6578 /* Build configuration list for PBXNativeTarget "ConTeXt" */;
			buildPhases = (
				5F05133F05A0957400BD0E76 /* Sources */,
				7FF2AEF41AF9A8DC00FCCF0A /* Resources */,
				7F6BF6231B646FFD00FA6DE1 /* Frameworks */,
				7F6BF6241B64700B00FA6DE1 /* Headers */,
			);
			buildRules = (
				7FFAD94C1AF99C5900C6843F /* PBXBuildRule */,
			);
			dependencies = (
			);
			name = ConTeXt;
			productInstallPath = "$(HOME)/Library/Bundles";
			productName = "Hello World";
			productType = "com.apple.product-type.bundle";
		};
/* End PBXNativeTarget section */

/* Begin PBXProject section */
		089C1669FE841209C02AAC07 /* Project object */ = {
			isa = PBXProject;
			attributes = {
				LastUpgradeCheck = 0920;
			};
			buildConfigurationList = 2E4F91D10863164B009D6578 /* Build configuration list for PBXProject "ConTeXt" */;
			compatibilityVersion = "Xcode 3.2";
			developmentRegion = English;
			hasScannedForEncodings = 1;
			knownRegions = (
				en,
			);
			mainGroup = 089C166AFE841209C02AAC07 /* Hello World */;
			productRefGroup = 089C166AFE841209C02AAC07 /* Hello World */;
			projectDirPath = "";
			projectRoot = "";
			targets = (
				5F05133905A0957400BD0E76 /* ConTeXt */,
			);
		};
/* End PBXProject section */

/* Begin PBXResourcesBuildPhase section */
		7FF2AEF41AF9A8DC00FCCF0A /* Resources */ = {
			isa = PBXResourcesBuildPhase;
			buildActionMask = 2147483647;
			files = (
				7F20339B1B4F23040061B106 /* context-commands-en.txt in Resources */,
			);
			runOnlyForDeploymentPostprocessing = 0;
		};
/* End PBXResourcesBuildPhase section */

/* Begin PBXSourcesBuildPhase section */
		5F05133F05A0957400BD0E76 /* Sources */ = {
			isa = PBXSourcesBuildPhase;
			buildActionMask = 2147483647;
			files = (
				7F12D0411AED35BB00929EFC /* scan_functions.mm in Sources */,
				5F05134005A0957400BD0E76 /* context.mm in Sources */,
				7F12D0441AED35CB00929EFC /* calculate_runs.mm in Sources */,
			);
			runOnlyForDeploymentPostprocessing = 0;
		};
/* End PBXSourcesBuildPhase section */

/* Begin XCBuildConfiguration section */
		2E4F91CE0863164B009D6578 /* Debug */ = {
			isa = XCBuildConfiguration;
			buildSettings = {
				CLANG_ENABLE_MODULES = YES;
				COMBINE_HIDPI_IMAGES = YES;
				COPY_PHASE_STRIP = NO;
				INFOPLIST_FILE = Info.plist;
				INSTALL_MODE_FLAG = "ug+w,o-w,a+rX";
				OTHER_CFLAGS = "";
				PRODUCT_BUNDLE_IDENTIFIER = org.mazaitis.bblm.context;
				PRODUCT_NAME = ConTeXt;
				USER_HEADER_SEARCH_PATHS = /Users/sviluppatore/Documents/ConTeXtBBLM/ConTeXtMachO/SDKHeaders;
				WRAPPER_EXTENSION = bblm;
			};
			name = Debug;
		};
		2E4F91CF0863164B009D6578 /* Release */ = {
			isa = XCBuildConfiguration;
			buildSettings = {
				CLANG_ENABLE_MODULES = YES;
				COMBINE_HIDPI_IMAGES = YES;
				COPY_PHASE_STRIP = YES;
				INFOPLIST_FILE = Info.plist;
				INSTALL_MODE_FLAG = "ug+w,o-w,a+rX";
				OTHER_CFLAGS = "";
				PRODUCT_BUNDLE_IDENTIFIER = org.mazaitis.bblm.context;
				PRODUCT_NAME = ConTeXt;
				USER_HEADER_SEARCH_PATHS = /Users/sviluppatore/Documents/ConTeXtBBLM/ConTeXtMachO/SDKHeaders;
				WRAPPER_EXTENSION = bblm;
			};
			name = Release;
		};
		2E4F91D20863164B009D6578 /* Debug */ = {
			isa = XCBuildConfiguration;
			baseConfigurationReference = 56AB718D19B3CA8F0045726A /* DebugSettings.xcconfig */;
			buildSettings = {
				ARCHS = "$(ARCHS_STANDARD_32_64_BIT)";
				CLANG_ENABLE_MODULES = YES;
				CLANG_WARN_UNREACHABLE_CODE = NO;
				CURRENT_PROJECT_VERSION = 1.4;
				ENABLE_STRICT_OBJC_MSGSEND = YES;
				ENABLE_TESTABILITY = YES;
				GCC_NO_COMMON_BLOCKS = YES;
				GCC_TREAT_WARNINGS_AS_ERRORS = YES;
				GCC_WARN_UNUSED_FUNCTION = NO;
				GCC_WARN_UNUSED_LABEL = NO;
				GCC_WARN_UNUSED_PARAMETER = NO;
				GCC_WARN_UNUSED_VALUE = NO;
				GCC_WARN_UNUSED_VARIABLE = NO;
				MACOSX_DEPLOYMENT_TARGET = 10.10;
				ONLY_ACTIVE_ARCH = YES;
				SDKROOT = macosx;
			};
			name = Debug;
		};
		2E4F91D30863164B009D6578 /* Release */ = {
			isa = XCBuildConfiguration;
			baseConfigurationReference = 56AB718E19B3CA8F0045726A /* ReleaseSettings.xcconfig */;
			buildSettings = {
				ARCHS = "$(ARCHS_STANDARD_32_64_BIT)";
				CLANG_ENABLE_MODULES = YES;
				CLANG_WARN_UNREACHABLE_CODE = NO;
				CURRENT_PROJECT_VERSION = 1.4;
				ENABLE_STRICT_OBJC_MSGSEND = YES;
				GCC_NO_COMMON_BLOCKS = YES;
				GCC_TREAT_WARNINGS_AS_ERRORS = YES;
				GCC_WARN_UNUSED_FUNCTION = NO;
				GCC_WARN_UNUSED_LABEL = NO;
				GCC_WARN_UNUSED_PARAMETER = NO;
				GCC_WARN_UNUSED_VALUE = NO;
				GCC_WARN_UNUSED_VARIABLE = NO;
				MACOSX_DEPLOYMENT_TARGET = 10.10;
				ONLY_ACTIVE_ARCH = NO;
				SDKROOT = macosx;
			};
			name = Release;
		};
/* End XCBuildConfiguration section */

/* Begin XCConfigurationList section */
		2E4F91CD0863164B009D6578 /* Build configuration list for PBXNativeTarget "ConTeXt" */ = {
			isa = XCConfigurationList;
			buildConfigurations = (
				2E4F91CE0863164B009D6578 /* Debug */,
				2E4F91CF0863164B009D6578 /* Release */,
			);
			defaultConfigurationIsVisible = 0;
			defaultConfigurationName = Debug;
		};
		2E4F91D10863164B009D6578 /* Build configuration list for PBXProject "ConTeXt" */ = {
			isa = XCConfigurationList;
			buildConfigurations = (
				2E4F91D20863164B009D6578 /* Debug */,
				2E4F91D30863164B009D6578 /* Release */,
			);
			defaultConfigurationIsVisible = 0;
			defaultConfigurationName = Debug;
		};
/* End XCConfigurationList section */
	};
	rootObject = 089C1669FE841209C02AAC07 /* Project object */;
}
